
Microsoft Visual Studio Solution File, Format Version 12.00
# Visual Studio Version 17
VisualStudioVersion = 17.5.33516.290
MinimumVisualStudioVersion = 10.0.40219.1
Project("{FAE04EC0-301F-11D3-BF4B-00C04F79EFBC}") = "ProjecteConsole", "ProjecteConsole.csproj", "{A960C482-1BD0-4DFF-A2D2-FC001F7F25AB}"
EndProject
Project("{FAE04EC0-301F-11D3-BF4B-00C04F79EFBC}") = "ProjecteWPF", "..\ProjecteWPF\ProjecteWPF.csproj", "{760D0368-68F2-4338-8096-CE4CC471755F}"
EndProject
Global
	GlobalSection(SolutionConfigurationPlatforms) = preSolution
		Debug|Any CPU = Debug|Any CPU
		Release|Any CPU = Release|Any CPU
	EndGlobalSection
	GlobalSection(ProjectConfigurationPlatforms) = postSolution
		{A960C482-1BD0-4DFF-A2D2-FC001F7F25AB}.Debug|Any CPU.ActiveCfg = Debug|Any CPU
		{A960C482-1BD0-4DFF-A2D2-FC001F7F25AB}.Debug|Any CPU.Build.0 = Debug|Any CPU
		{A960C482-1BD0-4DFF-A2D2-FC001F7F25AB}.Release|Any CPU.ActiveCfg = Release|Any CPU
		{A960C482-1BD0-4DFF-A2D2-FC001F7F25AB}.Release|Any CPU.Build.0 = Release|Any CPU
		{760D0368-68F2-4338-8096-CE4CC471755F}.Debug|Any CPU.ActiveCfg = Debug|Any CPU
		{760D0368-68F2-4338-8096-CE4CC471755F}.Debug|Any CPU.Build.0 = Debug|Any CPU
		{760D0368-68F2-4338-8096-CE4CC471755F}.Release|Any CPU.ActiveCfg = Release|Any CPU
		{760D0368-68F2-4338-8096-CE4CC471755F}.Release|Any CPU.Build.0 = Release|Any CPU
	EndGlobalSection
	GlobalSection(SolutionProperties) = preSolution
		HideSolutionNode = FALSE
	EndGlobalSection
	GlobalSection(ExtensibilityGlobals) = postSolution
		SolutionGuid = {39AC9D41-F15E-4857-8236-D2B335B4F6C5}
	EndGlobalSection
EndGlobal
